
Microsoft Visual Studio Solution File, Format Version 12.00
# Visual Studio 15
VisualStudioVersion = 15.0.28010.2048
MinimumVisualStudioVersion = 10.0.40219.1
Project("{FAE04EC0-301F-11D3-BF4B-00C04F79EFBC}") = "HeroesWebApi", "HeroesWebApi\HeroesWebApi.csproj", "{896AC8FE-9528-47F4-B549-6760F7924955}"
EndProject
Project("{FAE04EC0-301F-11D3-BF4B-00C04F79EFBC}") = "HeroesWebApi.core", "..\HeroesWebApi.core\HeroesWebApi.core.csproj", "{FBA59477-17F3-4A06-A604-D362D66A7C70}"
EndProject
Global
	GlobalSection(SolutionConfigurationPlatforms) = preSolution
		Debug|Any CPU = Debug|Any CPU
		Release|Any CPU = Release|Any CPU
	EndGlobalSection
	GlobalSection(ProjectConfigurationPlatforms) = postSolution
		{896AC8FE-9528-47F4-B549-6760F7924955}.Debug|Any CPU.ActiveCfg = Debug|Any CPU
		{896AC8FE-9528-47F4-B549-6760F7924955}.Debug|Any CPU.Build.0 = Debug|Any CPU
		{896AC8FE-9528-47F4-B549-6760F7924955}.Release|Any CPU.ActiveCfg = Release|Any CPU
		{896AC8FE-9528-47F4-B549-6760F7924955}.Release|Any CPU.Build.0 = Release|Any CPU
		{FBA59477-17F3-4A06-A604-D362D66A7C70}.Debug|Any CPU.ActiveCfg = Debug|Any CPU
		{FBA59477-17F3-4A06-A604-D362D66A7C70}.Debug|Any CPU.Build.0 = Debug|Any CPU
		{FBA59477-17F3-4A06-A604-D362D66A7C70}.Release|Any CPU.ActiveCfg = Release|Any CPU
		{FBA59477-17F3-4A06-A604-D362D66A7C70}.Release|Any CPU.Build.0 = Release|Any CPU
	EndGlobalSection
	GlobalSection(SolutionProperties) = preSolution
		HideSolutionNode = FALSE
	EndGlobalSection
	GlobalSection(ExtensibilityGlobals) = postSolution
		SolutionGuid = {33EFF3AC-96A1-4D74-A5C4-D70A32EAAC50}
	EndGlobalSection
EndGlobal
